
Microsoft Visual Studio Solution File, Format Version 12.00
# Visual Studio 15
VisualStudioVersion = 15.0.26430.6
MinimumVisualStudioVersion = 10.0.40219.1
Project("{FAE04EC0-301F-11D3-BF4B-00C04F79EFBC}") = "LD_ProjMilestone", "LD_ProjMilestone.csproj", "{DC7DD43F-A0AB-4B68-8DF8-21E7C799BBA2}"
EndProject
Project("{FAE04EC0-301F-11D3-BF4B-00C04F79EFBC}") = "TestApp", "TestApp\TestApp.csproj", "{7D620D94-C734-47A5-8F6A-75A70CF386B1}"
	ProjectSection(ProjectDependencies) = postProject
		{DC7DD43F-A0AB-4B68-8DF8-21E7C799BBA2} = {DC7DD43F-A0AB-4B68-8DF8-21E7C799BBA2}
	EndProjectSection
EndProject
Global
	GlobalSection(SolutionConfigurationPlatforms) = preSolution
		Debug|Any CPU = Debug|Any CPU
		Release|Any CPU = Release|Any CPU
	EndGlobalSection
	GlobalSection(ProjectConfigurationPlatforms) = postSolution
		{DC7DD43F-A0AB-4B68-8DF8-21E7C799BBA2}.Debug|Any CPU.ActiveCfg = Debug|Any CPU
		{DC7DD43F-A0AB-4B68-8DF8-21E7C799BBA2}.Debug|Any CPU.Build.0 = Debug|Any CPU
		{DC7DD43F-A0AB-4B68-8DF8-21E7C799BBA2}.Release|Any CPU.ActiveCfg = Release|Any CPU
		{DC7DD43F-A0AB-4B68-8DF8-21E7C799BBA2}.Release|Any CPU.Build.0 = Release|Any CPU
		{7D620D94-C734-47A5-8F6A-75A70CF386B1}.Debug|Any CPU.ActiveCfg = Debug|Any CPU
		{7D620D94-C734-47A5-8F6A-75A70CF386B1}.Debug|Any CPU.Build.0 = Debug|Any CPU
		{7D620D94-C734-47A5-8F6A-75A70CF386B1}.Release|Any CPU.ActiveCfg = Release|Any CPU
		{7D620D94-C734-47A5-8F6A-75A70CF386B1}.Release|Any CPU.Build.0 = Release|Any CPU
	EndGlobalSection
	GlobalSection(SolutionProperties) = preSolution
		HideSolutionNode = FALSE
	EndGlobalSection
EndGlobal
