
Microsoft Visual Studio Solution File, Format Version 12.00
# Visual Studio 15
VisualStudioVersion = 15.0.26430.6
MinimumVisualStudioVersion = 10.0.40219.1
Project("{FAE04EC0-301F-11D3-BF4B-00C04F79EFBC}") = "LD_Proj_AdditionalFees", "LD_Proj_AdditionalFees.csproj", "{5B931376-6411-43E3-B44A-BD48318DE68B}"
EndProject
Global
	GlobalSection(SolutionConfigurationPlatforms) = preSolution
		Debug|Any CPU = Debug|Any CPU
		Release|Any CPU = Release|Any CPU
	EndGlobalSection
	GlobalSection(ProjectConfigurationPlatforms) = postSolution
		{5B931376-6411-43E3-B44A-BD48318DE68B}.Debug|Any CPU.ActiveCfg = Debug|Any CPU
		{5B931376-6411-43E3-B44A-BD48318DE68B}.Debug|Any CPU.Build.0 = Debug|Any CPU
		{5B931376-6411-43E3-B44A-BD48318DE68B}.Release|Any CPU.ActiveCfg = Release|Any CPU
		{5B931376-6411-43E3-B44A-BD48318DE68B}.Release|Any CPU.Build.0 = Release|Any CPU
	EndGlobalSection
	GlobalSection(SolutionProperties) = preSolution
		HideSolutionNode = FALSE
	EndGlobalSection
EndGlobal
