
Microsoft Visual Studio Solution File, Format Version 12.00
# Visual Studio 15
VisualStudioVersion = 15.0.26430.6
MinimumVisualStudioVersion = 10.0.40219.1
Project("{FAE04EC0-301F-11D3-BF4B-00C04F79EFBC}") = "LD_Proj_ProgramFees", "LD_Proj_ProgramFees\LD_Proj_ProgramFees.csproj", "{35319920-20D6-448A-8CA8-CE1F68E49F18}"
EndProject
Project("{FAE04EC0-301F-11D3-BF4B-00C04F79EFBC}") = "TestApp", "TestApp\TestApp.csproj", "{3C2087DB-15A6-46E7-B113-CAAB6BFA6433}"
	ProjectSection(ProjectDependencies) = postProject
		{35319920-20D6-448A-8CA8-CE1F68E49F18} = {35319920-20D6-448A-8CA8-CE1F68E49F18}
	EndProjectSection
EndProject
Global
	GlobalSection(SolutionConfigurationPlatforms) = preSolution
		Debug|Any CPU = Debug|Any CPU
		Release|Any CPU = Release|Any CPU
	EndGlobalSection
	GlobalSection(ProjectConfigurationPlatforms) = postSolution
		{35319920-20D6-448A-8CA8-CE1F68E49F18}.Debug|Any CPU.ActiveCfg = Debug|Any CPU
		{35319920-20D6-448A-8CA8-CE1F68E49F18}.Debug|Any CPU.Build.0 = Debug|Any CPU
		{35319920-20D6-448A-8CA8-CE1F68E49F18}.Release|Any CPU.ActiveCfg = Release|Any CPU
		{35319920-20D6-448A-8CA8-CE1F68E49F18}.Release|Any CPU.Build.0 = Release|Any CPU
		{3C2087DB-15A6-46E7-B113-CAAB6BFA6433}.Debug|Any CPU.ActiveCfg = Debug|Any CPU
		{3C2087DB-15A6-46E7-B113-CAAB6BFA6433}.Debug|Any CPU.Build.0 = Debug|Any CPU
		{3C2087DB-15A6-46E7-B113-CAAB6BFA6433}.Release|Any CPU.ActiveCfg = Release|Any CPU
		{3C2087DB-15A6-46E7-B113-CAAB6BFA6433}.Release|Any CPU.Build.0 = Release|Any CPU
	EndGlobalSection
	GlobalSection(SolutionProperties) = preSolution
		HideSolutionNode = FALSE
	EndGlobalSection
EndGlobal
