
Microsoft Visual Studio Solution File, Format Version 12.00
# Visual Studio 15
VisualStudioVersion = 15.0.26430.6
MinimumVisualStudioVersion = 10.0.40219.1
Project("{FAE04EC0-301F-11D3-BF4B-00C04F79EFBC}") = "LD_DownPaymentDue", "LD_DownPaymentDue\LD_DownPaymentDue.csproj", "{D8BB4AEA-97F8-4C45-91ED-0C641579074E}"
EndProject
Project("{FAE04EC0-301F-11D3-BF4B-00C04F79EFBC}") = "TestDownPaymentDue", "LD_DownPaymentDue\TestDownPaymentDue\TestDownPaymentDue.csproj", "{0AF68248-599B-4C20-B4D4-2BC456496DFD}"
	ProjectSection(ProjectDependencies) = postProject
		{D8BB4AEA-97F8-4C45-91ED-0C641579074E} = {D8BB4AEA-97F8-4C45-91ED-0C641579074E}
	EndProjectSection
EndProject
Global
	GlobalSection(SolutionConfigurationPlatforms) = preSolution
		Debug|Any CPU = Debug|Any CPU
		Release|Any CPU = Release|Any CPU
	EndGlobalSection
	GlobalSection(ProjectConfigurationPlatforms) = postSolution
		{D8BB4AEA-97F8-4C45-91ED-0C641579074E}.Debug|Any CPU.ActiveCfg = Debug|Any CPU
		{D8BB4AEA-97F8-4C45-91ED-0C641579074E}.Debug|Any CPU.Build.0 = Debug|Any CPU
		{D8BB4AEA-97F8-4C45-91ED-0C641579074E}.Release|Any CPU.ActiveCfg = Release|Any CPU
		{D8BB4AEA-97F8-4C45-91ED-0C641579074E}.Release|Any CPU.Build.0 = Release|Any CPU
		{0AF68248-599B-4C20-B4D4-2BC456496DFD}.Debug|Any CPU.ActiveCfg = Debug|Any CPU
		{0AF68248-599B-4C20-B4D4-2BC456496DFD}.Debug|Any CPU.Build.0 = Debug|Any CPU
		{0AF68248-599B-4C20-B4D4-2BC456496DFD}.Release|Any CPU.ActiveCfg = Release|Any CPU
		{0AF68248-599B-4C20-B4D4-2BC456496DFD}.Release|Any CPU.Build.0 = Release|Any CPU
	EndGlobalSection
	GlobalSection(SolutionProperties) = preSolution
		HideSolutionNode = FALSE
	EndGlobalSection
EndGlobal
